
Microsoft Visual Studio Solution File, Format Version 12.00
Project("{FAE04EC0-301F-11D3-BF4B-00C04F79EFBC}") = "01_Monogame_multiplayer_game", "01_Monogame_multiplayer_game\01_Monogame_multiplayer_game.csproj", "{7AB379FF-8C6C-4010-BEE9-F2578ACE022C}"
EndProject
Project("{FAE04EC0-301F-11D3-BF4B-00C04F79EFBC}") = "experimental_chat", "experimental_chat\experimental_chat.csproj", "{D47F60FF-2443-45B1-96F3-558559B7CD5B}"
EndProject
Global
	GlobalSection(SolutionConfigurationPlatforms) = preSolution
		Debug|Any CPU = Debug|Any CPU
		Release|Any CPU = Release|Any CPU
	EndGlobalSection
	GlobalSection(ProjectConfigurationPlatforms) = postSolution
		{7AB379FF-8C6C-4010-BEE9-F2578ACE022C}.Debug|Any CPU.ActiveCfg = Debug|Any CPU
		{7AB379FF-8C6C-4010-BEE9-F2578ACE022C}.Debug|Any CPU.Build.0 = Debug|Any CPU
		{7AB379FF-8C6C-4010-BEE9-F2578ACE022C}.Release|Any CPU.ActiveCfg = Release|Any CPU
		{7AB379FF-8C6C-4010-BEE9-F2578ACE022C}.Release|Any CPU.Build.0 = Release|Any CPU
		{D47F60FF-2443-45B1-96F3-558559B7CD5B}.Debug|Any CPU.ActiveCfg = Debug|Any CPU
		{D47F60FF-2443-45B1-96F3-558559B7CD5B}.Debug|Any CPU.Build.0 = Debug|Any CPU
		{D47F60FF-2443-45B1-96F3-558559B7CD5B}.Release|Any CPU.ActiveCfg = Release|Any CPU
		{D47F60FF-2443-45B1-96F3-558559B7CD5B}.Release|Any CPU.Build.0 = Release|Any CPU
	EndGlobalSection
EndGlobal
